schema: '2.0'
stages:
  preprocess:
    cmd: python data/preprocess.py
    deps:
    - path: data/preprocess.py
      hash: md5
      md5: eedac9d4c24bbe21ae2db50bb6ea6e36
      size: 11290
    outs:
    - path: data/clean_sensor_data.csv
      hash: md5
      md5: d4aea37f303fd7ec3f9475d5e9957b08
      size: 384607
    - path: data/raw_sensor_data.csv
      hash: md5
      md5: 875e5c3e0aa08778899f280590a1b49a
      size: 84595
  train_qlearning:
    cmd: python train.py --agent qlearning --episodes 500
    deps:
    - path: configs/config.yaml
      hash: md5
      md5: ba8dd541f57f5337992fbacc93e6e0cd
      size: 753
    - path: env.py
      hash: md5
      md5: a25f87e34a9b4ddc3213e5f96370f768
      size: 8531
    - path: train.py
      hash: md5
      md5: 1a4ce7c3b7899e4e0d2a9d596f86b669
      size: 17499
    outs:
    - path: models/best_qlearning.pkl
      hash: md5
      md5: 5c0719e81dd43979825104583190dfaf
      size: 4769
  train_sarsa:
    cmd: python train.py --agent sarsa --episodes 500
    deps:
    - path: configs/config.yaml
      hash: md5
      md5: ba8dd541f57f5337992fbacc93e6e0cd
      size: 753
    - path: env.py
      hash: md5
      md5: a25f87e34a9b4ddc3213e5f96370f768
      size: 8531
    - path: train.py
      hash: md5
      md5: 1a4ce7c3b7899e4e0d2a9d596f86b669
      size: 17499
    outs:
    - path: models/best_sarsa.pkl
      hash: md5
      md5: 4e43f542ece4499f7cd3d75728d0fa8b
      size: 4765
  tune:
    cmd: python train.py --agent both --tune
    deps:
    - path: configs/config.yaml
      hash: md5
      md5: ba8dd541f57f5337992fbacc93e6e0cd
      size: 753
    - path: env.py
      hash: md5
      md5: a25f87e34a9b4ddc3213e5f96370f768
      size: 8531
    - path: train.py
      hash: md5
      md5: 1a4ce7c3b7899e4e0d2a9d596f86b669
      size: 17499
    outs:
    - path: configs/best_qlearning_config.yaml
      hash: md5
      md5: e888ea5366f507d4ac15802f724ff6b4
      size: 645
    - path: configs/best_sarsa_config.yaml
      hash: md5
      md5: 8b3665287722c1213c0b0a95e22a08ec
      size: 646
  evaluate:
    cmd: python train.py --evaluate
    deps:
    - path: env.py
      hash: md5
      md5: a25f87e34a9b4ddc3213e5f96370f768
      size: 8531
    - path: models/best_qlearning.pkl
      hash: md5
      md5: 5c0719e81dd43979825104583190dfaf
      size: 4769
    - path: models/best_sarsa.pkl
      hash: md5
      md5: 4e43f542ece4499f7cd3d75728d0fa8b
      size: 4765
    - path: train.py
      hash: md5
      md5: 1a4ce7c3b7899e4e0d2a9d596f86b669
      size: 17499
    outs:
    - path: experiments/evaluation.csv
      hash: md5
      md5: b55511b94c6b0c49d33179ad8539151d
      size: 211
    - path: plots/comparison.png
      hash: md5
      md5: a19838d23512df8a450380be0a9219ce
      size: 42472
